
Microsoft Visual Studio Solution File, Format Version 12.00
# Visual Studio 15
VisualStudioVersion = 15.0.26730.16
MinimumVisualStudioVersion = 10.0.40219.1
Project("{9092AA53-FB77-4645-B42D-1CCCA6BD08BD}") = "TestFuction1", "TestFuction1\TestFuction1.njsproj", "{93A99353-34B5-47FA-87C9-63D274E18909}"
EndProject
Project("{9092AA53-FB77-4645-B42D-1CCCA6BD08BD}") = "TestFuncDriver", "TestFuncDriver\TestFuncDriver.njsproj", "{0D6EBBB0-7410-4C00-8A9F-644A87AB5695}"
EndProject
Project("{9092AA53-FB77-4645-B42D-1CCCA6BD08BD}") = "dynoQuery", "dynoQuery\dynoQuery.njsproj", "{347A75EC-A792-44B4-B4C1-01F6F4F72CC1}"
EndProject
Project("{9092AA53-FB77-4645-B42D-1CCCA6BD08BD}") = "LoadDynamoData", "LoadDynamoData\LoadDynamoData.njsproj", "{57AD0909-D4E3-41CA-9A3B-05DE24D03176}"
EndProject
Global
	GlobalSection(SolutionConfigurationPlatforms) = preSolution
		Debug|Any CPU = Debug|Any CPU
		Release|Any CPU = Release|Any CPU
	EndGlobalSection
	GlobalSection(ProjectConfigurationPlatforms) = postSolution
		{93A99353-34B5-47FA-87C9-63D274E18909}.Debug|Any CPU.ActiveCfg = Debug|Any CPU
		{93A99353-34B5-47FA-87C9-63D274E18909}.Debug|Any CPU.Build.0 = Debug|Any CPU
		{93A99353-34B5-47FA-87C9-63D274E18909}.Release|Any CPU.ActiveCfg = Release|Any CPU
		{93A99353-34B5-47FA-87C9-63D274E18909}.Release|Any CPU.Build.0 = Release|Any CPU
		{0D6EBBB0-7410-4C00-8A9F-644A87AB5695}.Debug|Any CPU.ActiveCfg = Debug|Any CPU
		{0D6EBBB0-7410-4C00-8A9F-644A87AB5695}.Debug|Any CPU.Build.0 = Debug|Any CPU
		{0D6EBBB0-7410-4C00-8A9F-644A87AB5695}.Release|Any CPU.ActiveCfg = Release|Any CPU
		{0D6EBBB0-7410-4C00-8A9F-644A87AB5695}.Release|Any CPU.Build.0 = Release|Any CPU
		{347A75EC-A792-44B4-B4C1-01F6F4F72CC1}.Debug|Any CPU.ActiveCfg = Debug|Any CPU
		{347A75EC-A792-44B4-B4C1-01F6F4F72CC1}.Debug|Any CPU.Build.0 = Debug|Any CPU
		{347A75EC-A792-44B4-B4C1-01F6F4F72CC1}.Release|Any CPU.ActiveCfg = Release|Any CPU
		{347A75EC-A792-44B4-B4C1-01F6F4F72CC1}.Release|Any CPU.Build.0 = Release|Any CPU
		{57AD0909-D4E3-41CA-9A3B-05DE24D03176}.Debug|Any CPU.ActiveCfg = Debug|Any CPU
		{57AD0909-D4E3-41CA-9A3B-05DE24D03176}.Debug|Any CPU.Build.0 = Debug|Any CPU
		{57AD0909-D4E3-41CA-9A3B-05DE24D03176}.Release|Any CPU.ActiveCfg = Release|Any CPU
		{57AD0909-D4E3-41CA-9A3B-05DE24D03176}.Release|Any CPU.Build.0 = Release|Any CPU
	EndGlobalSection
	GlobalSection(SolutionProperties) = preSolution
		HideSolutionNode = FALSE
	EndGlobalSection
	GlobalSection(ExtensibilityGlobals) = postSolution
		SolutionGuid = {15D83A09-1D8E-4EDD-B7E0-F373AD7E9040}
	EndGlobalSection
EndGlobal
